
Microsoft Visual Studio Solution File, Format Version 12.00
# Visual Studio 15
Project("{FAE04EC0-301F-11D3-BF4B-00C04F79EFBC}") = "Github_demo", "Github-demo\Github_demo.csproj", "{BAE011C3-5982-42CB-BD2F-601C25ADBA7B}"
EndProject
Project("{FAE04EC0-301F-11D3-BF4B-00C04F79EFBC}") = "FizzBuzz", "FizzBuzz\FizzBuzz.csproj", "{FBE29C4F-3B54-4F85-B4AF-60C7C0F7A030}"
EndProject
Global
	GlobalSection(SolutionConfigurationPlatforms) = preSolution
		Debug|Any CPU = Debug|Any CPU
		Release|Any CPU = Release|Any CPU
	EndGlobalSection
	GlobalSection(ProjectConfigurationPlatforms) = postSolution
		{BAE011C3-5982-42CB-BD2F-601C25ADBA7B}.Debug|Any CPU.ActiveCfg = Debug|Any CPU
		{BAE011C3-5982-42CB-BD2F-601C25ADBA7B}.Debug|Any CPU.Build.0 = Debug|Any CPU
		{BAE011C3-5982-42CB-BD2F-601C25ADBA7B}.Release|Any CPU.ActiveCfg = Release|Any CPU
		{BAE011C3-5982-42CB-BD2F-601C25ADBA7B}.Release|Any CPU.Build.0 = Release|Any CPU
		{FBE29C4F-3B54-4F85-B4AF-60C7C0F7A030}.Debug|Any CPU.ActiveCfg = Debug|Any CPU
		{FBE29C4F-3B54-4F85-B4AF-60C7C0F7A030}.Debug|Any CPU.Build.0 = Debug|Any CPU
		{FBE29C4F-3B54-4F85-B4AF-60C7C0F7A030}.Release|Any CPU.ActiveCfg = Release|Any CPU
		{FBE29C4F-3B54-4F85-B4AF-60C7C0F7A030}.Release|Any CPU.Build.0 = Release|Any CPU
	EndGlobalSection
EndGlobal
