
Microsoft Visual Studio Solution File, Format Version 12.00
# Visual Studio 15
Project("{FAE04EC0-301F-11D3-BF4B-00C04F79EFBC}") = "Github_demo", "Github-demo\Github_demo.csproj", "{BAE011C3-5982-42CB-BD2F-601C25ADBA7B}"
EndProject
Project("{FAE04EC0-301F-11D3-BF4B-00C04F79EFBC}") = "FizzBuzz", "FizzBuzz\FizzBuzz.csproj", "{FBE29C4F-3B54-4F85-B4AF-60C7C0F7A030}"
EndProject
Project("{FAE04EC0-301F-11D3-BF4B-00C04F79EFBC}") = "Exception_Handling", "Exception_Handling\Exception_Handling.csproj", "{AF2E125E-2E34-4EE1-89C3-5A2BC636007D}"
EndProject
Project("{FAE04EC0-301F-11D3-BF4B-00C04F79EFBC}") = "Test", "Test\Test.csproj", "{63D3CBF6-F3AC-42D3-94A7-C0594BB7B39A}"
EndProject
Project("{FAE04EC0-301F-11D3-BF4B-00C04F79EFBC}") = "times_table", "times_table\times_table.csproj", "{3E4E252F-DA19-4AC4-BF55-97E54330CC3B}"
EndProject
Project("{FAE04EC0-301F-11D3-BF4B-00C04F79EFBC}") = "Prime_Factors", "Prime_Factors\Prime_Factors.csproj", "{E870BFF6-D997-4504-8C32-36AAAD3ADD10}"
EndProject
Project("{FAE04EC0-301F-11D3-BF4B-00C04F79EFBC}") = "The_Zoo", "The_Zoo\The_Zoo.csproj", "{FDE6C01B-C1ED-49FC-8747-BA03E08D5B1E}"
EndProject
Global
	GlobalSection(SolutionConfigurationPlatforms) = preSolution
		Debug|Any CPU = Debug|Any CPU
		Release|Any CPU = Release|Any CPU
	EndGlobalSection
	GlobalSection(ProjectConfigurationPlatforms) = postSolution
		{BAE011C3-5982-42CB-BD2F-601C25ADBA7B}.Debug|Any CPU.ActiveCfg = Debug|Any CPU
		{BAE011C3-5982-42CB-BD2F-601C25ADBA7B}.Debug|Any CPU.Build.0 = Debug|Any CPU
		{BAE011C3-5982-42CB-BD2F-601C25ADBA7B}.Release|Any CPU.ActiveCfg = Release|Any CPU
		{BAE011C3-5982-42CB-BD2F-601C25ADBA7B}.Release|Any CPU.Build.0 = Release|Any CPU
		{FBE29C4F-3B54-4F85-B4AF-60C7C0F7A030}.Debug|Any CPU.ActiveCfg = Debug|Any CPU
		{FBE29C4F-3B54-4F85-B4AF-60C7C0F7A030}.Debug|Any CPU.Build.0 = Debug|Any CPU
		{FBE29C4F-3B54-4F85-B4AF-60C7C0F7A030}.Release|Any CPU.ActiveCfg = Release|Any CPU
		{FBE29C4F-3B54-4F85-B4AF-60C7C0F7A030}.Release|Any CPU.Build.0 = Release|Any CPU
		{AF2E125E-2E34-4EE1-89C3-5A2BC636007D}.Debug|Any CPU.ActiveCfg = Debug|Any CPU
		{AF2E125E-2E34-4EE1-89C3-5A2BC636007D}.Debug|Any CPU.Build.0 = Debug|Any CPU
		{AF2E125E-2E34-4EE1-89C3-5A2BC636007D}.Release|Any CPU.ActiveCfg = Release|Any CPU
		{AF2E125E-2E34-4EE1-89C3-5A2BC636007D}.Release|Any CPU.Build.0 = Release|Any CPU
		{63D3CBF6-F3AC-42D3-94A7-C0594BB7B39A}.Debug|Any CPU.ActiveCfg = Debug|Any CPU
		{63D3CBF6-F3AC-42D3-94A7-C0594BB7B39A}.Debug|Any CPU.Build.0 = Debug|Any CPU
		{63D3CBF6-F3AC-42D3-94A7-C0594BB7B39A}.Release|Any CPU.ActiveCfg = Release|Any CPU
		{63D3CBF6-F3AC-42D3-94A7-C0594BB7B39A}.Release|Any CPU.Build.0 = Release|Any CPU
		{3E4E252F-DA19-4AC4-BF55-97E54330CC3B}.Debug|Any CPU.ActiveCfg = Debug|Any CPU
		{3E4E252F-DA19-4AC4-BF55-97E54330CC3B}.Debug|Any CPU.Build.0 = Debug|Any CPU
		{3E4E252F-DA19-4AC4-BF55-97E54330CC3B}.Release|Any CPU.ActiveCfg = Release|Any CPU
		{3E4E252F-DA19-4AC4-BF55-97E54330CC3B}.Release|Any CPU.Build.0 = Release|Any CPU
		{E870BFF6-D997-4504-8C32-36AAAD3ADD10}.Debug|Any CPU.ActiveCfg = Debug|Any CPU
		{E870BFF6-D997-4504-8C32-36AAAD3ADD10}.Debug|Any CPU.Build.0 = Debug|Any CPU
		{E870BFF6-D997-4504-8C32-36AAAD3ADD10}.Release|Any CPU.ActiveCfg = Release|Any CPU
		{E870BFF6-D997-4504-8C32-36AAAD3ADD10}.Release|Any CPU.Build.0 = Release|Any CPU
		{FDE6C01B-C1ED-49FC-8747-BA03E08D5B1E}.Debug|Any CPU.ActiveCfg = Debug|Any CPU
		{FDE6C01B-C1ED-49FC-8747-BA03E08D5B1E}.Debug|Any CPU.Build.0 = Debug|Any CPU
		{FDE6C01B-C1ED-49FC-8747-BA03E08D5B1E}.Release|Any CPU.ActiveCfg = Release|Any CPU
		{FDE6C01B-C1ED-49FC-8747-BA03E08D5B1E}.Release|Any CPU.Build.0 = Release|Any CPU
	EndGlobalSection
EndGlobal
